
Microsoft Visual Studio Solution File, Format Version 12.00
# Visual Studio 14
VisualStudioVersion = 14.0.25420.1
MinimumVisualStudioVersion = 10.0.40219.1
Project("{9092AA53-FB77-4645-B42D-1CCCA6BD08BD}") = "ProjectBeer", "ProjectBeer\ProjectBeer.njsproj", "{735EA143-FE5F-4F99-B85D-D3EEB14A1049}"
EndProject
Project("{FAE04EC0-301F-11D3-BF4B-00C04F79EFBC}") = "ProjectBeer.API", "ProjectBeer.API\ProjectBeer.API.csproj", "{E60BB63E-44D7-4DAF-826F-90BEDFCFBA4F}"
EndProject
Project("{FAE04EC0-301F-11D3-BF4B-00C04F79EFBC}") = "ProjectBeer.API.Tests", "ProjectBeer.API.Tests\ProjectBeer.API.Tests.csproj", "{71E38421-4781-4A51-9520-2FB29309208C}"
EndProject
Global
	GlobalSection(SolutionConfigurationPlatforms) = preSolution
		Debug|Any CPU = Debug|Any CPU
		Release|Any CPU = Release|Any CPU
	EndGlobalSection
	GlobalSection(ProjectConfigurationPlatforms) = postSolution
		{735EA143-FE5F-4F99-B85D-D3EEB14A1049}.Debug|Any CPU.ActiveCfg = Debug|Any CPU
		{735EA143-FE5F-4F99-B85D-D3EEB14A1049}.Debug|Any CPU.Build.0 = Debug|Any CPU
		{735EA143-FE5F-4F99-B85D-D3EEB14A1049}.Release|Any CPU.ActiveCfg = Release|Any CPU
		{735EA143-FE5F-4F99-B85D-D3EEB14A1049}.Release|Any CPU.Build.0 = Release|Any CPU
		{E60BB63E-44D7-4DAF-826F-90BEDFCFBA4F}.Debug|Any CPU.ActiveCfg = Debug|Any CPU
		{E60BB63E-44D7-4DAF-826F-90BEDFCFBA4F}.Debug|Any CPU.Build.0 = Debug|Any CPU
		{E60BB63E-44D7-4DAF-826F-90BEDFCFBA4F}.Release|Any CPU.ActiveCfg = Release|Any CPU
		{E60BB63E-44D7-4DAF-826F-90BEDFCFBA4F}.Release|Any CPU.Build.0 = Release|Any CPU
		{71E38421-4781-4A51-9520-2FB29309208C}.Debug|Any CPU.ActiveCfg = Debug|Any CPU
		{71E38421-4781-4A51-9520-2FB29309208C}.Debug|Any CPU.Build.0 = Debug|Any CPU
		{71E38421-4781-4A51-9520-2FB29309208C}.Release|Any CPU.ActiveCfg = Release|Any CPU
		{71E38421-4781-4A51-9520-2FB29309208C}.Release|Any CPU.Build.0 = Release|Any CPU
	EndGlobalSection
	GlobalSection(SolutionProperties) = preSolution
		HideSolutionNode = FALSE
	EndGlobalSection
EndGlobal
